
Microsoft Visual Studio Solution File, Format Version 12.00
# Visual Studio Version 16
VisualStudioVersion = 16.0.30128.74
MinimumVisualStudioVersion = 15.0.26124.0
Project("{9A19103F-16F7-4668-BE54-9A1E7A4F7556}") = "IdentityServer", "IdentityServer\IdentityServer.csproj", "{42E9831F-71C6-46E9-8F85-255A946BD5BF}"
EndProject
Project("{9A19103F-16F7-4668-BE54-9A1E7A4F7556}") = "Api", "Api\Api.csproj", "{BBCF62E5-1E7D-4DFA-99A5-B4940F4A75C0}"
EndProject
Project("{9A19103F-16F7-4668-BE54-9A1E7A4F7556}") = "Client", "Client\Client.csproj", "{14684F48-FC9C-4D4D-8977-F5879CDDA690}"
EndProject
Project("{FAE04EC0-301F-11D3-BF4B-00C04F79EFBC}") = "MyMvcClient", "MyMvcClient\MyMvcClient.csproj", "{B26C8DB6-8FE8-4B2A-895C-16A9014284F5}"
EndProject
Project("{FAE04EC0-301F-11D3-BF4B-00C04F79EFBC}") = "JavaScriptClient", "JavaScriptClient\JavaScriptClient.csproj", "{E8AD9121-D88C-4EA9-8F65-1417F1D84019}"
EndProject
Global
	GlobalSection(SolutionConfigurationPlatforms) = preSolution
		Debug|Any CPU = Debug|Any CPU
		Debug|x64 = Debug|x64
		Debug|x86 = Debug|x86
		Release|Any CPU = Release|Any CPU
		Release|x64 = Release|x64
		Release|x86 = Release|x86
	EndGlobalSection
	GlobalSection(ProjectConfigurationPlatforms) = postSolution
		{42E9831F-71C6-46E9-8F85-255A946BD5BF}.Debug|Any CPU.ActiveCfg = Debug|Any CPU
		{42E9831F-71C6-46E9-8F85-255A946BD5BF}.Debug|Any CPU.Build.0 = Debug|Any CPU
		{42E9831F-71C6-46E9-8F85-255A946BD5BF}.Debug|x64.ActiveCfg = Debug|Any CPU
		{42E9831F-71C6-46E9-8F85-255A946BD5BF}.Debug|x64.Build.0 = Debug|Any CPU
		{42E9831F-71C6-46E9-8F85-255A946BD5BF}.Debug|x86.ActiveCfg = Debug|Any CPU
		{42E9831F-71C6-46E9-8F85-255A946BD5BF}.Debug|x86.Build.0 = Debug|Any CPU
		{42E9831F-71C6-46E9-8F85-255A946BD5BF}.Release|Any CPU.ActiveCfg = Release|Any CPU
		{42E9831F-71C6-46E9-8F85-255A946BD5BF}.Release|Any CPU.Build.0 = Release|Any CPU
		{42E9831F-71C6-46E9-8F85-255A946BD5BF}.Release|x64.ActiveCfg = Release|Any CPU
		{42E9831F-71C6-46E9-8F85-255A946BD5BF}.Release|x64.Build.0 = Release|Any CPU
		{42E9831F-71C6-46E9-8F85-255A946BD5BF}.Release|x86.ActiveCfg = Release|Any CPU
		{42E9831F-71C6-46E9-8F85-255A946BD5BF}.Release|x86.Build.0 = Release|Any CPU
		{BBCF62E5-1E7D-4DFA-99A5-B4940F4A75C0}.Debug|Any CPU.ActiveCfg = Debug|Any CPU
		{BBCF62E5-1E7D-4DFA-99A5-B4940F4A75C0}.Debug|Any CPU.Build.0 = Debug|Any CPU
		{BBCF62E5-1E7D-4DFA-99A5-B4940F4A75C0}.Debug|x64.ActiveCfg = Debug|Any CPU
		{BBCF62E5-1E7D-4DFA-99A5-B4940F4A75C0}.Debug|x64.Build.0 = Debug|Any CPU
		{BBCF62E5-1E7D-4DFA-99A5-B4940F4A75C0}.Debug|x86.ActiveCfg = Debug|Any CPU
		{BBCF62E5-1E7D-4DFA-99A5-B4940F4A75C0}.Debug|x86.Build.0 = Debug|Any CPU
		{BBCF62E5-1E7D-4DFA-99A5-B4940F4A75C0}.Release|Any CPU.ActiveCfg = Release|Any CPU
		{BBCF62E5-1E7D-4DFA-99A5-B4940F4A75C0}.Release|Any CPU.Build.0 = Release|Any CPU
		{BBCF62E5-1E7D-4DFA-99A5-B4940F4A75C0}.Release|x64.ActiveCfg = Release|Any CPU
		{BBCF62E5-1E7D-4DFA-99A5-B4940F4A75C0}.Release|x64.Build.0 = Release|Any CPU
		{BBCF62E5-1E7D-4DFA-99A5-B4940F4A75C0}.Release|x86.ActiveCfg = Release|Any CPU
		{BBCF62E5-1E7D-4DFA-99A5-B4940F4A75C0}.Release|x86.Build.0 = Release|Any CPU
		{14684F48-FC9C-4D4D-8977-F5879CDDA690}.Debug|Any CPU.ActiveCfg = Debug|Any CPU
		{14684F48-FC9C-4D4D-8977-F5879CDDA690}.Debug|Any CPU.Build.0 = Debug|Any CPU
		{14684F48-FC9C-4D4D-8977-F5879CDDA690}.Debug|x64.ActiveCfg = Debug|Any CPU
		{14684F48-FC9C-4D4D-8977-F5879CDDA690}.Debug|x64.Build.0 = Debug|Any CPU
		{14684F48-FC9C-4D4D-8977-F5879CDDA690}.Debug|x86.ActiveCfg = Debug|Any CPU
		{14684F48-FC9C-4D4D-8977-F5879CDDA690}.Debug|x86.Build.0 = Debug|Any CPU
		{14684F48-FC9C-4D4D-8977-F5879CDDA690}.Release|Any CPU.ActiveCfg = Release|Any CPU
		{14684F48-FC9C-4D4D-8977-F5879CDDA690}.Release|Any CPU.Build.0 = Release|Any CPU
		{14684F48-FC9C-4D4D-8977-F5879CDDA690}.Release|x64.ActiveCfg = Release|Any CPU
		{14684F48-FC9C-4D4D-8977-F5879CDDA690}.Release|x64.Build.0 = Release|Any CPU
		{14684F48-FC9C-4D4D-8977-F5879CDDA690}.Release|x86.ActiveCfg = Release|Any CPU
		{14684F48-FC9C-4D4D-8977-F5879CDDA690}.Release|x86.Build.0 = Release|Any CPU
		{B26C8DB6-8FE8-4B2A-895C-16A9014284F5}.Debug|Any CPU.ActiveCfg = Debug|Any CPU
		{B26C8DB6-8FE8-4B2A-895C-16A9014284F5}.Debug|Any CPU.Build.0 = Debug|Any CPU
		{B26C8DB6-8FE8-4B2A-895C-16A9014284F5}.Debug|x64.ActiveCfg = Debug|Any CPU
		{B26C8DB6-8FE8-4B2A-895C-16A9014284F5}.Debug|x64.Build.0 = Debug|Any CPU
		{B26C8DB6-8FE8-4B2A-895C-16A9014284F5}.Debug|x86.ActiveCfg = Debug|Any CPU
		{B26C8DB6-8FE8-4B2A-895C-16A9014284F5}.Debug|x86.Build.0 = Debug|Any CPU
		{B26C8DB6-8FE8-4B2A-895C-16A9014284F5}.Release|Any CPU.ActiveCfg = Release|Any CPU
		{B26C8DB6-8FE8-4B2A-895C-16A9014284F5}.Release|Any CPU.Build.0 = Release|Any CPU
		{B26C8DB6-8FE8-4B2A-895C-16A9014284F5}.Release|x64.ActiveCfg = Release|Any CPU
		{B26C8DB6-8FE8-4B2A-895C-16A9014284F5}.Release|x64.Build.0 = Release|Any CPU
		{B26C8DB6-8FE8-4B2A-895C-16A9014284F5}.Release|x86.ActiveCfg = Release|Any CPU
		{B26C8DB6-8FE8-4B2A-895C-16A9014284F5}.Release|x86.Build.0 = Release|Any CPU
		{E8AD9121-D88C-4EA9-8F65-1417F1D84019}.Debug|Any CPU.ActiveCfg = Debug|Any CPU
		{E8AD9121-D88C-4EA9-8F65-1417F1D84019}.Debug|Any CPU.Build.0 = Debug|Any CPU
		{E8AD9121-D88C-4EA9-8F65-1417F1D84019}.Debug|x64.ActiveCfg = Debug|Any CPU
		{E8AD9121-D88C-4EA9-8F65-1417F1D84019}.Debug|x64.Build.0 = Debug|Any CPU
		{E8AD9121-D88C-4EA9-8F65-1417F1D84019}.Debug|x86.ActiveCfg = Debug|Any CPU
		{E8AD9121-D88C-4EA9-8F65-1417F1D84019}.Debug|x86.Build.0 = Debug|Any CPU
		{E8AD9121-D88C-4EA9-8F65-1417F1D84019}.Release|Any CPU.ActiveCfg = Release|Any CPU
		{E8AD9121-D88C-4EA9-8F65-1417F1D84019}.Release|Any CPU.Build.0 = Release|Any CPU
		{E8AD9121-D88C-4EA9-8F65-1417F1D84019}.Release|x64.ActiveCfg = Release|Any CPU
		{E8AD9121-D88C-4EA9-8F65-1417F1D84019}.Release|x64.Build.0 = Release|Any CPU
		{E8AD9121-D88C-4EA9-8F65-1417F1D84019}.Release|x86.ActiveCfg = Release|Any CPU
		{E8AD9121-D88C-4EA9-8F65-1417F1D84019}.Release|x86.Build.0 = Release|Any CPU
	EndGlobalSection
	GlobalSection(SolutionProperties) = preSolution
		HideSolutionNode = FALSE
	EndGlobalSection
	GlobalSection(ExtensibilityGlobals) = postSolution
		SolutionGuid = {B516CCA6-06CE-4E53-ACC1-4C1BEFFECAD8}
	EndGlobalSection
EndGlobal
